{
  "name": "ematchi",
  "version": "0.0.0",
  "lockfileVersion": 3,
  "requires": true,
  "packages": {
    "": {
      "name": "ematchi",
      "version": "0.0.0",
      "devDependencies": {
        "@sveltejs/vite-plugin-svelte": "^2.4.2",
        "svelte": "^4.0.5",
        "vite": "^4.4.5"
      }
    },
    "node_modules/@ampproject/remapping": {
      "version": "2.2.1",
      "resolved": "https://unpm.uberinternal.com/%40ampproject%2Fremapping/-/remapping-2.2.1.tgz",
      "integrity": "sha1-mejhGFESi4cCzVfDNoTx0PJgtjA=",
      "dev": true,
      "license": "Apache-2.0",
      "dependencies": {
        "@jridgewell/gen-mapping": "^0.3.0",
        "@jridgewell/trace-mapping": "^0.3.9"
      },
      "engines": {
        "node": ">=6.0.0"
      }
    },
    "node_modules/@esbuild/android-arm": {
      "version": "0.18.16",
      "resolved": "https://unpm.uberinternal.com/%40esbuild%2Fandroid-arm/-/android-arm-0.18.16.tgz",
      "integrity": "sha1-72+apZp5qbkzCi5z9+tALGYwwmc=",
      "cpu": [
        "arm"
      ],
      "dev": true,
      "license": "MIT",
      "optional": true,
      "os": [
        "android"
      ],
      "engines": {
        "node": ">=12"
      }
    },
    "node_modules/@esbuild/android-arm64": {
      "version": "0.18.16",
      "resolved": "https://unpm.uberinternal.com/%40esbuild%2Fandroid-arm64/-/android-arm64-0.18.16.tgz",
      "integrity": "sha1-NPViq8ABWTOqvUGz1Q2NM1njAVU=",
      "cpu": [
        "arm64"
      ],
      "dev": true,
      "license": "MIT",
      "optional": true,
      "os": [
        "android"
      ],
      "engines": {
        "node": ">=12"
      }
    },
    "node_modules/@esbuild/android-x64": {
      "version": "0.18.16",
      "resolved": "https://unpm.uberinternal.com/%40esbuild%2Fandroid-x64/-/android-x64-0.18.16.tgz",
      "integrity": "sha1-7XREyxdUKTLGexXiBShoaFMjnP0=",
      "cpu": [
        "x64"
      ],
      "dev": true,
      "license": "MIT",
      "optional": true,
      "os": [
        "android"
      ],
      "engines": {
        "node": ">=12"
      }
    },
    "node_modules/@esbuild/darwin-arm64": {
      "version": "0.18.16",
      "resolved": "https://unpm.uberinternal.com/%40esbuild%2Fdarwin-arm64/-/darwin-arm64-0.18.16.tgz",
      "integrity": "sha1-PFoIPm4IpQ9Hj6JDk5mJ2Gvhxr8=",
      "cpu": [
        "arm64"
      ],
      "dev": true,
      "license": "MIT",
      "optional": true,
      "os": [
        "darwin"
      ],
      "engines": {
        "node": ">=12"
      }
    },
    "node_modules/@esbuild/darwin-x64": {
      "version": "0.18.16",
      "resolved": "https://unpm.uberinternal.com/%40esbuild%2Fdarwin-x64/-/darwin-x64-0.18.16.tgz",
      "integrity": "sha1-qPO2G+4oBxMcvijrFkrSsDM7WfU=",
      "cpu": [
        "x64"
      ],
      "dev": true,
      "license": "MIT",
      "optional": true,
      "os": [
        "darwin"
      ],
      "engines": {
        "node": ">=12"
      }
    },
    "node_modules/@esbuild/freebsd-arm64": {
      "version": "0.18.16",
      "resolved": "https://unpm.uberinternal.com/%40esbuild%2Ffreebsd-arm64/-/freebsd-arm64-0.18.16.tgz",
      "integrity": "sha1-m9uz8OXwhCshybhgLnDBBhdKwkw=",
      "cpu": [
        "arm64"
      ],
      "dev": true,
      "license": "MIT",
      "optional": true,
      "os": [
        "freebsd"
      ],
      "engines": {
        "node": ">=12"
      }
    },
    "node_modules/@esbuild/freebsd-x64": {
      "version": "0.18.16",
      "resolved": "https://unpm.uberinternal.com/%40esbuild%2Ffreebsd-x64/-/freebsd-x64-0.18.16.tgz",
      "integrity": "sha1-JPc5VkNklcx6Wkvwa+a2Ya6mosE=",
      "cpu": [
        "x64"
      ],
      "dev": true,
      "license": "MIT",
      "optional": true,
      "os": [
        "freebsd"
      ],
      "engines": {
        "node": ">=12"
      }
    },
    "node_modules/@esbuild/linux-arm": {
      "version": "0.18.16",
      "resolved": "https://unpm.uberinternal.com/%40esbuild%2Flinux-arm/-/linux-arm-0.18.16.tgz",
      "integrity": "sha1-1jkjxjr1NAMsxeoLKgs94Q+DV/U=",
      "cpu": [
        "arm"
      ],
      "dev": true,
      "license": "MIT",
      "optional": true,
      "os": [
        "linux"
      ],
      "engines": {
        "node": ">=12"
      }
    },
    "node_modules/@esbuild/linux-arm64": {
      "version": "0.18.16",
      "resolved": "https://unpm.uberinternal.com/%40esbuild%2Flinux-arm64/-/linux-arm64-0.18.16.tgz",
      "integrity": "sha1-JEVpdX+cvZEvWllaitgUT4yRXxM=",
      "cpu": [
        "arm64"
      ],
      "dev": true,
      "license": "MIT",
      "optional": true,
      "os": [
        "linux"
      ],
      "engines": {
        "node": ">=12"
      }
    },
    "node_modules/@esbuild/linux-ia32": {
      "version": "0.18.16",
      "resolved": "https://unpm.uberinternal.com/%40esbuild%2Flinux-ia32/-/linux-ia32-0.18.16.tgz",
      "integrity": "sha1-qIJczqYwnwvM/F2HtDFjuoBMLyA=",
      "cpu": [
        "ia32"
      ],
      "dev": true,
      "license": "MIT",
      "optional": true,
      "os": [
        "linux"
      ],
      "engines": {
        "node": ">=12"
      }
    },
    "node_modules/@esbuild/linux-loong64": {
      "version": "0.18.16",
      "resolved": "https://unpm.uberinternal.com/%40esbuild%2Flinux-loong64/-/linux-loong64-0.18.16.tgz",
      "integrity": "sha1-9TDoIPw8Yc8iBhVbmUrqtTttJb4=",
      "cpu": [
        "loong64"
      ],
      "dev": true,
      "license": "MIT",
      "optional": true,
      "os": [
        "linux"
      ],
      "engines": {
        "node": ">=12"
      }
    },
    "node_modules/@esbuild/linux-mips64el": {
      "version": "0.18.16",
      "resolved": "https://unpm.uberinternal.com/%40esbuild%2Flinux-mips64el/-/linux-mips64el-0.18.16.tgz",
      "integrity": "sha1-LUes5TkleJaGXSQ2Qb1nFmhKHoI=",
      "cpu": [
        "mips64el"
      ],
      "dev": true,
      "license": "MIT",
      "optional": true,
      "os": [
        "linux"
      ],
      "engines": {
        "node": ">=12"
      }
    },
    "node_modules/@esbuild/linux-ppc64": {
      "version": "0.18.16",
      "resolved": "https://unpm.uberinternal.com/%40esbuild%2Flinux-ppc64/-/linux-ppc64-0.18.16.tgz",
      "integrity": "sha1-1pE+fpvp4kKmogQCgAFBvb5wCfc=",
      "cpu": [
        "ppc64"
      ],
      "dev": true,
      "license": "MIT",
      "optional": true,
      "os": [
        "linux"
      ],
      "engines": {
        "node": ">=12"
      }
    },
    "node_modules/@esbuild/linux-riscv64": {
      "version": "0.18.16",
      "resolved": "https://unpm.uberinternal.com/%40esbuild%2Flinux-riscv64/-/linux-riscv64-0.18.16.tgz",
      "integrity": "sha1-jzO2JzicgjT+YfRjbBNPF/sdmwk=",
      "cpu": [
        "riscv64"
      ],
      "dev": true,
      "license": "MIT",
      "optional": true,
      "os": [
        "linux"
      ],
      "engines": {
        "node": ">=12"
      }
    },
    "node_modules/@esbuild/linux-s390x": {
      "version": "0.18.16",
      "resolved": "https://unpm.uberinternal.com/%40esbuild%2Flinux-s390x/-/linux-s390x-0.18.16.tgz",
      "integrity": "sha1-TUTAMPeJYs9BD2BPkvzBUF5K/d4=",
      "cpu": [
        "s390x"
      ],
      "dev": true,
      "license": "MIT",
      "optional": true,
      "os": [
        "linux"
      ],
      "engines": {
        "node": ">=12"
      }
    },
    "node_modules/@esbuild/linux-x64": {
      "version": "0.18.16",
      "resolved": "https://unpm.uberinternal.com/%40esbuild%2Flinux-x64/-/linux-x64-0.18.16.tgz",
      "integrity": "sha1-iEbQDhax6T60iMi03VHJRq38I28=",
      "cpu": [
        "x64"
      ],
      "dev": true,
      "license": "MIT",
      "optional": true,
      "os": [
        "linux"
      ],
      "engines": {
        "node": ">=12"
      }
    },
    "node_modules/@esbuild/netbsd-x64": {
      "version": "0.18.16",
      "resolved": "https://unpm.uberinternal.com/%40esbuild%2Fnetbsd-x64/-/netbsd-x64-0.18.16.tgz",
      "integrity": "sha1-ZRSoa9B3RPMQDSgT6i+2Ug1T5y4=",
      "cpu": [
        "x64"
      ],
      "dev": true,
      "license": "MIT",
      "optional": true,
      "os": [
        "netbsd"
      ],
      "engines": {
        "node": ">=12"
      }
    },
    "node_modules/@esbuild/openbsd-x64": {
      "version": "0.18.16",
      "resolved": "https://unpm.uberinternal.com/%40esbuild%2Fopenbsd-x64/-/openbsd-x64-0.18.16.tgz",
      "integrity": "sha1-rmfOdm1YqrbA5gN/GnbxXfSipf4=",
      "cpu": [
        "x64"
      ],
      "dev": true,
      "license": "MIT",
      "optional": true,
      "os": [
        "openbsd"
      ],
      "engines": {
        "node": ">=12"
      }
    },
    "node_modules/@esbuild/sunos-x64": {
      "version": "0.18.16",
      "resolved": "https://unpm.uberinternal.com/%40esbuild%2Fsunos-x64/-/sunos-x64-0.18.16.tgz",
      "integrity": "sha1-mY7+ilg3S3NRrHEEVQUWOabOagU=",
      "cpu": [
        "x64"
      ],
      "dev": true,
      "license": "MIT",
      "optional": true,
      "os": [
        "sunos"
      ],
      "engines": {
        "node": ">=12"
      }
    },
    "node_modules/@esbuild/win32-arm64": {
      "version": "0.18.16",
      "resolved": "https://unpm.uberinternal.com/%40esbuild%2Fwin32-arm64/-/win32-arm64-0.18.16.tgz",
      "integrity": "sha1-jeM2giQ1CO741N4YFt8sBa2tKyE=",
      "cpu": [
        "arm64"
      ],
      "dev": true,
      "license": "MIT",
      "optional": true,
      "os": [
        "win32"
      ],
      "engines": {
        "node": ">=12"
      }
    },
    "node_modules/@esbuild/win32-ia32": {
      "version": "0.18.16",
      "resolved": "https://unpm.uberinternal.com/%40esbuild%2Fwin32-ia32/-/win32-ia32-0.18.16.tgz",
      "integrity": "sha1-lcn0J0+z755EnUZP/j47f6CRUDs=",
      "cpu": [
        "ia32"
      ],
      "dev": true,
      "license": "MIT",
      "optional": true,
      "os": [
        "win32"
      ],
      "engines": {
        "node": ">=12"
      }
    },
    "node_modules/@esbuild/win32-x64": {
      "version": "0.18.16",
      "resolved": "https://unpm.uberinternal.com/%40esbuild%2Fwin32-x64/-/win32-x64-0.18.16.tgz",
      "integrity": "sha1-W+WNMdASDGivjji3AuaTfOdkzWg=",
      "cpu": [
        "x64"
      ],
      "dev": true,
      "license": "MIT",
      "optional": true,
      "os": [
        "win32"
      ],
      "engines": {
        "node": ">=12"
      }
    },
    "node_modules/@jridgewell/gen-mapping": {
      "version": "0.3.3",
      "resolved": "https://unpm.uberinternal.com/%40jridgewell%2Fgen-mapping/-/gen-mapping-0.3.3.tgz",
      "integrity": "sha1-fgLm6135AartsIUUIDsJZhQCQJg=",
      "dev": true,
      "license": "MIT",
      "dependencies": {
        "@jridgewell/set-array": "^1.0.1",
        "@jridgewell/sourcemap-codec": "^1.4.10",
        "@jridgewell/trace-mapping": "^0.3.9"
      },
      "engines": {
        "node": ">=6.0.0"
      }
    },
    "node_modules/@jridgewell/resolve-uri": {
      "version": "3.1.0",
      "resolved": "https://unpm.uberinternal.com/%40jridgewell%2Fresolve-uri/-/resolve-uri-3.1.0.tgz",
      "integrity": "sha1-IgOxGMFXchrd/mnUe3BGVGMGbXg=",
      "dev": true,
      "license": "MIT",
      "engines": {
        "node": ">=6.0.0"
      }
    },
    "node_modules/@jridgewell/set-array": {
      "version": "1.1.2",
      "resolved": "https://unpm.uberinternal.com/%40jridgewell%2Fset-array/-/set-array-1.1.2.tgz",
      "integrity": "sha1-fGz5mNbSC5FMClWpGuko/yWWXnI=",
      "dev": true,
      "license": "MIT",
      "engines": {
        "node": ">=6.0.0"
      }
    },
    "node_modules/@jridgewell/sourcemap-codec": {
      "version": "1.4.15",
      "resolved": "https://unpm.uberinternal.com/%40jridgewell%2Fsourcemap-codec/-/sourcemap-codec-1.4.15.tgz",
      "integrity": "sha1-18bmdVx4VnqVHgSrUu8P0m3lnzI=",
      "dev": true,
      "license": "MIT"
    },
    "node_modules/@jridgewell/trace-mapping": {
      "version": "0.3.18",
      "resolved": "https://unpm.uberinternal.com/%40jridgewell%2Ftrace-mapping/-/trace-mapping-0.3.18.tgz",
      "integrity": "sha1-JXg7IIba9v8dy1PJJJrkgOTdTNY=",
      "dev": true,
      "license": "MIT",
      "dependencies": {
        "@jridgewell/resolve-uri": "3.1.0",
        "@jridgewell/sourcemap-codec": "1.4.14"
      }
    },
    "node_modules/@jridgewell/trace-mapping/node_modules/@jridgewell/sourcemap-codec": {
      "version": "1.4.14",
      "resolved": "https://unpm.uberinternal.com/%40jridgewell%2Fsourcemap-codec/-/sourcemap-codec-1.4.14.tgz",
      "integrity": "sha1-rdTJjTQUcqKJGQtCTvvbCWmRuyQ=",
      "dev": true,
      "license": "MIT"
    },
    "node_modules/@sveltejs/vite-plugin-svelte": {
      "version": "2.4.2",
      "resolved": "https://unpm.uberinternal.com/%40sveltejs%2Fvite-plugin-svelte/-/vite-plugin-svelte-2.4.2.tgz",
      "integrity": "sha1-BPn7aYhTpqaBoqfTIBZIcxbDCRc=",
      "dev": true,
      "license": "MIT",
      "dependencies": {
        "@sveltejs/vite-plugin-svelte-inspector": "^1.0.3",
        "debug": "^4.3.4",
        "deepmerge": "^4.3.1",
        "kleur": "^4.1.5",
        "magic-string": "^0.30.0",
        "svelte-hmr": "^0.15.2",
        "vitefu": "^0.2.4"
      },
      "engines": {
        "node": "^14.18.0 || >= 16"
      },
      "peerDependencies": {
        "svelte": "^3.54.0 || ^4.0.0",
        "vite": "^4.0.0"
      }
    },
    "node_modules/@sveltejs/vite-plugin-svelte-inspector": {
      "version": "1.0.3",
      "resolved": "https://unpm.uberinternal.com/%40sveltejs%2Fvite-plugin-svelte-inspector/-/vite-plugin-svelte-inspector-1.0.3.tgz",
      "integrity": "sha1-/b+AtDv6og3qpf9tBnY1Gqmuy8w=",
      "dev": true,
      "license": "MIT",
      "dependencies": {
        "debug": "^4.3.4"
      },
      "engines": {
        "node": "^14.18.0 || >= 16"
      },
      "peerDependencies": {
        "@sveltejs/vite-plugin-svelte": "^2.2.0",
        "svelte": "^3.54.0 || ^4.0.0",
        "vite": "^4.0.0"
      }
    },
    "node_modules/@types/estree": {
      "version": "1.0.1",
      "resolved": "https://unpm.uberinternal.com/%40types%2Festree/-/estree-1.0.1.tgz",
      "integrity": "sha1-qiJ1CWLzvw5511PTzAZ/AQyV8ZQ=",
      "dev": true,
      "license": "MIT"
    },
    "node_modules/acorn": {
      "version": "8.10.0",
      "resolved": "https://unpm.uberinternal.com/acorn/-/acorn-8.10.0.tgz",
      "integrity": "sha1-i+WzkHpnIhqBqyPHiJxMVSa2LsU=",
      "dev": true,
      "license": "MIT",
      "bin": {
        "acorn": "bin/acorn"
      },
      "engines": {
        "node": ">=0.4.0"
      }
    },
    "node_modules/aria-query": {
      "version": "5.3.0",
      "resolved": "https://unpm.uberinternal.com/aria-query/-/aria-query-5.3.0.tgz",
      "integrity": "sha1-ZQxWnkGtkLUbPX315e7Rx1ScED4=",
      "dev": true,
      "license": "Apache-2.0",
      "dependencies": {
        "dequal": "^2.0.3"
      }
    },
    "node_modules/axobject-query": {
      "version": "3.2.1",
      "resolved": "https://unpm.uberinternal.com/axobject-query/-/axobject-query-3.2.1.tgz",
      "integrity": "sha1-OcN4puOwbKZ58pE4FR5FsrMtpio=",
      "dev": true,
      "license": "Apache-2.0",
      "dependencies": {
        "dequal": "^2.0.3"
      }
    },
    "node_modules/code-red": {
      "version": "1.0.3",
      "resolved": "https://unpm.uberinternal.com/code-red/-/code-red-1.0.3.tgz",
      "integrity": "sha1-u9Owon3FPJrxP2dWEgqdvN1opfI=",
      "dev": true,
      "license": "MIT",
      "dependencies": {
        "@jridgewell/sourcemap-codec": "^1.4.14",
        "@types/estree": "^1.0.0",
        "acorn": "^8.8.2",
        "estree-walker": "^3.0.3",
        "periscopic": "^3.1.0"
      }
    },
    "node_modules/css-tree": {
      "version": "2.3.1",
      "resolved": "https://unpm.uberinternal.com/css-tree/-/css-tree-2.3.1.tgz",
      "integrity": "sha1-ECZM4eVELoVy/IL75JBkT/VLXCA=",
      "dev": true,
      "license": "MIT",
      "dependencies": {
        "mdn-data": "2.0.30",
        "source-map-js": "^1.0.1"
      },
      "engines": {
        "node": "^10 || ^12.20.0 || ^14.13.0 || >=15.0.0"
      }
    },
    "node_modules/debug": {
      "version": "4.3.4",
      "resolved": "https://unpm.uberinternal.com/debug/-/debug-4.3.4.tgz",
      "integrity": "sha1-Exn2V5NX8jONMzfSzdSRS7XcyGU=",
      "dev": true,
      "license": "MIT",
      "dependencies": {
        "ms": "2.1.2"
      },
      "engines": {
        "node": ">=6.0"
      },
      "peerDependenciesMeta": {
        "supports-color": {
          "optional": true
        }
      }
    },
    "node_modules/deepmerge": {
      "version": "4.3.1",
      "resolved": "https://unpm.uberinternal.com/deepmerge/-/deepmerge-4.3.1.tgz",
      "integrity": "sha1-RLXyFHzTsA1LVhN2hZZvJv0l3Uo=",
      "dev": true,
      "license": "MIT",
      "engines": {
        "node": ">=0.10.0"
      }
    },
    "node_modules/dequal": {
      "version": "2.0.3",
      "resolved": "https://unpm.uberinternal.com/dequal/-/dequal-2.0.3.tgz",
      "integrity": "sha1-JkQhTxmX057Q7g7OcjNUkKesZ74=",
      "dev": true,
      "license": "MIT",
      "engines": {
        "node": ">=6"
      }
    },
    "node_modules/esbuild": {
      "version": "0.18.16",
      "resolved": "https://unpm.uberinternal.com/esbuild/-/esbuild-0.18.16.tgz",
      "integrity": "sha1-u+sFjFVhUry/9OgWjnyTAgzPCcM=",
      "dev": true,
      "hasInstallScript": true,
      "license": "MIT",
      "bin": {
        "esbuild": "bin/esbuild"
      },
      "engines": {
        "node": ">=12"
      },
      "optionalDependencies": {
        "@esbuild/android-arm": "0.18.16",
        "@esbuild/android-arm64": "0.18.16",
        "@esbuild/android-x64": "0.18.16",
        "@esbuild/darwin-arm64": "0.18.16",
        "@esbuild/darwin-x64": "0.18.16",
        "@esbuild/freebsd-arm64": "0.18.16",
        "@esbuild/freebsd-x64": "0.18.16",
        "@esbuild/linux-arm": "0.18.16",
        "@esbuild/linux-arm64": "0.18.16",
        "@esbuild/linux-ia32": "0.18.16",
        "@esbuild/linux-loong64": "0.18.16",
        "@esbuild/linux-mips64el": "0.18.16",
        "@esbuild/linux-ppc64": "0.18.16",
        "@esbuild/linux-riscv64": "0.18.16",
        "@esbuild/linux-s390x": "0.18.16",
        "@esbuild/linux-x64": "0.18.16",
        "@esbuild/netbsd-x64": "0.18.16",
        "@esbuild/openbsd-x64": "0.18.16",
        "@esbuild/sunos-x64": "0.18.16",
        "@esbuild/win32-arm64": "0.18.16",
        "@esbuild/win32-ia32": "0.18.16",
        "@esbuild/win32-x64": "0.18.16"
      }
    },
    "node_modules/estree-walker": {
      "version": "3.0.3",
      "resolved": "https://unpm.uberinternal.com/estree-walker/-/estree-walker-3.0.3.tgz",
      "integrity": "sha1-Z8PlSexAKkh7T8GT0ZU6UkdSNA0=",
      "dev": true,
      "license": "MIT",
      "dependencies": {
        "@types/estree": "^1.0.0"
      }
    },
    "node_modules/fsevents": {
      "version": "2.3.2",
      "resolved": "https://unpm.uberinternal.com/fsevents/-/fsevents-2.3.2.tgz",
      "integrity": "sha1-ilJveLj99GI7cJ4Ll1xSwkwC/Ro=",
      "dev": true,
      "hasInstallScript": true,
      "license": "MIT",
      "optional": true,
      "os": [
        "darwin"
      ],
      "engines": {
        "node": "^8.16.0 || ^10.6.0 || >=11.0.0"
      }
    },
    "node_modules/is-reference": {
      "version": "3.0.1",
      "resolved": "https://unpm.uberinternal.com/is-reference/-/is-reference-3.0.1.tgz",
      "integrity": "sha1-1AD0Jg9+VXM5VeYNNh2CfrTTuDE=",
      "dev": true,
      "license": "MIT",
      "dependencies": {
        "@types/estree": "*"
      }
    },
    "node_modules/kleur": {
      "version": "4.1.5",
      "resolved": "https://unpm.uberinternal.com/kleur/-/kleur-4.1.5.tgz",
      "integrity": "sha1-lRBhAXlfcFDGxlDzUMaD/r3bF4A=",
      "dev": true,
      "license": "MIT",
      "engines": {
        "node": ">=6"
      }
    },
    "node_modules/locate-character": {
      "version": "3.0.0",
      "resolved": "https://unpm.uberinternal.com/locate-character/-/locate-character-3.0.0.tgz",
      "integrity": "sha1-AwXFuHRPYQKO9dAfREAJ4Ad5+XQ=",
      "dev": true,
      "license": "MIT"
    },
    "node_modules/magic-string": {
      "version": "0.30.1",
      "resolved": "https://unpm.uberinternal.com/magic-string/-/magic-string-0.30.1.tgz",
      "integrity": "sha1-zlzUsKgaXQMr1pqrRSIpmyFmKE0=",
      "dev": true,
      "license": "MIT",
      "dependencies": {
        "@jridgewell/sourcemap-codec": "^1.4.15"
      },
      "engines": {
        "node": ">=12"
      }
    },
    "node_modules/mdn-data": {
      "version": "2.0.30",
      "resolved": "https://unpm.uberinternal.com/mdn-data/-/mdn-data-2.0.30.tgz",
      "integrity": "sha1-zk32+Ar2z74hjs1cVSuhPE36CMw=",
      "dev": true,
      "license": "CC0-1.0"
    },
    "node_modules/ms": {
      "version": "2.1.2",
      "resolved": "https://unpm.uberinternal.com/ms/-/ms-2.1.2.tgz",
      "integrity": "sha1-0J0fNXtEP0kzgqjrPM0YOHKuYAk=",
      "dev": true,
      "license": "MIT"
    },
    "node_modules/nanoid": {
      "version": "3.3.6",
      "resolved": "https://unpm.uberinternal.com/nanoid/-/nanoid-3.3.6.tgz",
      "integrity": "sha1-RDOAyFbW6fmCQmfZYLQjatWD6kw=",
      "dev": true,
      "funding": [
        {
          "type": "github",
          "url": "https://github.com/sponsors/ai"
        }
      ],
      "license": "MIT",
      "bin": {
        "nanoid": "bin/nanoid.cjs"
      },
      "engines": {
        "node": "^10 || ^12 || ^13.7 || ^14 || >=15.0.1"
      }
    },
    "node_modules/periscopic": {
      "version": "3.1.0",
      "resolved": "https://unpm.uberinternal.com/periscopic/-/periscopic-3.1.0.tgz",
      "integrity": "sha1-fpA3v1HFhVvTO0iSiCjbSvp52Xo=",
      "dev": true,
      "license": "MIT",
      "dependencies": {
        "@types/estree": "^1.0.0",
        "estree-walker": "^3.0.0",
        "is-reference": "^3.0.0"
      }
    },
    "node_modules/picocolors": {
      "version": "1.0.0",
      "resolved": "https://unpm.uberinternal.com/picocolors/-/picocolors-1.0.0.tgz",
      "integrity": "sha1-y1vcdP8/UYkiNur3nWi8RFZKuBw=",
      "dev": true,
      "license": "ISC"
    },
    "node_modules/postcss": {
      "version": "8.4.27",
      "resolved": "https://unpm.uberinternal.com/postcss/-/postcss-8.4.27.tgz",
      "integrity": "sha1-I01+S3LjS6WpLCljZzQ0ng2cMFc=",
      "dev": true,
      "funding": [
        {
          "type": "opencollective",
          "url": "https://opencollective.com/postcss/"
        },
        {
          "type": "tidelift",
          "url": "https://tidelift.com/funding/github/npm/postcss"
        },
        {
          "type": "github",
          "url": "https://github.com/sponsors/ai"
        }
      ],
      "license": "MIT",
      "dependencies": {
        "nanoid": "^3.3.6",
        "picocolors": "^1.0.0",
        "source-map-js": "^1.0.2"
      },
      "engines": {
        "node": "^10 || ^12 || >=14"
      }
    },
    "node_modules/rollup": {
      "version": "3.26.3",
      "resolved": "https://unpm.uberinternal.com/rollup/-/rollup-3.26.3.tgz",
      "integrity": "sha1-u8iBjK3QrryjSNuz1o0pbSIJZ7g=",
      "dev": true,
      "license": "MIT",
      "bin": {
        "rollup": "dist/bin/rollup"
      },
      "engines": {
        "node": ">=14.18.0",
        "npm": ">=8.0.0"
      },
      "optionalDependencies": {
        "fsevents": "~2.3.2"
      }
    },
    "node_modules/source-map-js": {
      "version": "1.0.2",
      "resolved": "https://unpm.uberinternal.com/source-map-js/-/source-map-js-1.0.2.tgz",
      "integrity": "sha1-rbw2HZxi3zgBJefxYfccgm8eSQw=",
      "dev": true,
      "license": "BSD-3-Clause",
      "engines": {
        "node": ">=0.10.0"
      }
    },
    "node_modules/svelte": {
      "version": "4.1.1",
      "resolved": "https://unpm.uberinternal.com/svelte/-/svelte-4.1.1.tgz",
      "integrity": "sha1-Ro7QN308rlQrNd+KIqPKGI2TJyo=",
      "dev": true,
      "license": "MIT",
      "dependencies": {
        "@ampproject/remapping": "^2.2.1",
        "@jridgewell/sourcemap-codec": "^1.4.15",
        "@jridgewell/trace-mapping": "^0.3.18",
        "acorn": "^8.9.0",
        "aria-query": "^5.3.0",
        "axobject-query": "^3.2.1",
        "code-red": "^1.0.3",
        "css-tree": "^2.3.1",
        "estree-walker": "^3.0.3",
        "is-reference": "^3.0.1",
        "locate-character": "^3.0.0",
        "magic-string": "^0.30.0",
        "periscopic": "^3.1.0"
      },
      "engines": {
        "node": ">=16"
      }
    },
    "node_modules/svelte-hmr": {
      "version": "0.15.2",
      "resolved": "https://unpm.uberinternal.com/svelte-hmr/-/svelte-hmr-0.15.2.tgz",
      "integrity": "sha1-0vb8guBA8nNKvVTOpcvvRoKPJTg=",
      "dev": true,
      "license": "ISC",
      "engines": {
        "node": "^12.20 || ^14.13.1 || >= 16"
      },
      "peerDependencies": {
        "svelte": "^3.19.0 || ^4.0.0-next.0"
      }
    },
    "node_modules/vite": {
      "version": "4.4.6",
      "resolved": "https://unpm.uberinternal.com/vite/-/vite-4.4.6.tgz",
      "integrity": "sha1-l6CkOGjsdz/YiYDXwyPIAjNSHPE=",
      "dev": true,
      "license": "MIT",
      "dependencies": {
        "esbuild": "^0.18.10",
        "postcss": "^8.4.26",
        "rollup": "^3.25.2"
      },
      "bin": {
        "vite": "bin/vite.js"
      },
      "engines": {
        "node": "^14.18.0 || >=16.0.0"
      },
      "funding": {
        "url": "https://github.com/vitejs/vite?sponsor=1"
      },
      "optionalDependencies": {
        "fsevents": "~2.3.2"
      },
      "peerDependencies": {
        "@types/node": ">= 14",
        "less": "*",
        "lightningcss": "^1.21.0",
        "sass": "*",
        "stylus": "*",
        "sugarss": "*",
        "terser": "^5.4.0"
      },
      "peerDependenciesMeta": {
        "@types/node": {
          "optional": true
        },
        "less": {
          "optional": true
        },
        "lightningcss": {
          "optional": true
        },
        "sass": {
          "optional": true
        },
        "stylus": {
          "optional": true
        },
        "sugarss": {
          "optional": true
        },
        "terser": {
          "optional": true
        }
      }
    },
    "node_modules/vitefu": {
      "version": "0.2.4",
      "resolved": "https://unpm.uberinternal.com/vitefu/-/vitefu-0.2.4.tgz",
      "integrity": "sha1-IS3BqdAlSv5l5Xk1G+1OJdgeCzU=",
      "dev": true,
      "license": "MIT",
      "peerDependencies": {
        "vite": "^3.0.0 || ^4.0.0"
      },
      "peerDependenciesMeta": {
        "vite": {
          "optional": true
        }
      }
    }
  }
}
